
Microsoft Visual Studio Solution File, Format Version 12.00
# Visual Studio Version 17
VisualStudioVersion = 17.8.34316.72
MinimumVisualStudioVersion = 10.0.40219.1
Project("{FAE04EC0-301F-11D3-BF4B-00C04F79EFBC}") = "FunctionApp1", "FunctionApp1.csproj", "{A53DA01E-EC99-4E67-AD8A-9F5DFF476A08}"
EndProject
Global
	GlobalSection(SolutionConfigurationPlatforms) = preSolution
		Debug|Any CPU = Debug|Any CPU
		Release|Any CPU = Release|Any CPU
	EndGlobalSection
	GlobalSection(ProjectConfigurationPlatforms) = postSolution
		{A53DA01E-EC99-4E67-AD8A-9F5DFF476A08}.Debug|Any CPU.ActiveCfg = Debug|Any CPU
		{A53DA01E-EC99-4E67-AD8A-9F5DFF476A08}.Debug|Any CPU.Build.0 = Debug|Any CPU
		{A53DA01E-EC99-4E67-AD8A-9F5DFF476A08}.Release|Any CPU.ActiveCfg = Release|Any CPU
		{A53DA01E-EC99-4E67-AD8A-9F5DFF476A08}.Release|Any CPU.Build.0 = Release|Any CPU
	EndGlobalSection
	GlobalSection(SolutionProperties) = preSolution
		HideSolutionNode = FALSE
	EndGlobalSection
	GlobalSection(ExtensibilityGlobals) = postSolution
		SolutionGuid = {FDAE5E75-7585-4C8E-BAF0-FF278450B0C4}
	EndGlobalSection
EndGlobal
